
Microsoft Visual Studio Solution File, Format Version 12.00
# Visual Studio Version 16
VisualStudioVersion = 16.0.30523.141
MinimumVisualStudioVersion = 10.0.40219.1
Project("{9A19103F-16F7-4668-BE54-9A1E7A4F7556}") = "Mod2P1", "Mod2P1\Mod2P1.csproj", "{5EF39D59-AFCA-42DE-B4C2-531925E68818}"
EndProject
Project("{FAE04EC0-301F-11D3-BF4B-00C04F79EFBC}") = "Mod2P1Tests", "Mod2P1Tests\Mod2P1Tests.csproj", "{4D15506F-DABF-4338-B67F-FE33739AAD3D}"
EndProject
Global
	GlobalSection(SolutionConfigurationPlatforms) = preSolution
		Debug|Any CPU = Debug|Any CPU
		Release|Any CPU = Release|Any CPU
	EndGlobalSection
	GlobalSection(ProjectConfigurationPlatforms) = postSolution
		{5EF39D59-AFCA-42DE-B4C2-531925E68818}.Debug|Any CPU.ActiveCfg = Debug|Any CPU
		{5EF39D59-AFCA-42DE-B4C2-531925E68818}.Debug|Any CPU.Build.0 = Debug|Any CPU
		{5EF39D59-AFCA-42DE-B4C2-531925E68818}.Release|Any CPU.ActiveCfg = Release|Any CPU
		{5EF39D59-AFCA-42DE-B4C2-531925E68818}.Release|Any CPU.Build.0 = Release|Any CPU
		{4D15506F-DABF-4338-B67F-FE33739AAD3D}.Debug|Any CPU.ActiveCfg = Debug|Any CPU
		{4D15506F-DABF-4338-B67F-FE33739AAD3D}.Debug|Any CPU.Build.0 = Debug|Any CPU
		{4D15506F-DABF-4338-B67F-FE33739AAD3D}.Release|Any CPU.ActiveCfg = Release|Any CPU
		{4D15506F-DABF-4338-B67F-FE33739AAD3D}.Release|Any CPU.Build.0 = Release|Any CPU
	EndGlobalSection
	GlobalSection(SolutionProperties) = preSolution
		HideSolutionNode = FALSE
	EndGlobalSection
	GlobalSection(ExtensibilityGlobals) = postSolution
		SolutionGuid = {0717D4B0-E5E9-4C63-B7A3-199F388C44C0}
	EndGlobalSection
EndGlobal
